
Microsoft Visual Studio Solution File, Format Version 12.00
# Visual Studio 15
VisualStudioVersion = 15.0.27004.2005
MinimumVisualStudioVersion = 10.0.40219.1
Project("{888888A0-9F3D-457C-B088-3A5042F75D52}") = "PythonWeb", "PythonWeb\PythonWeb.pyproj", "{2D1615E3-3D44-4BD0-B1FF-1081BB4C0094}"
EndProject
Global
	GlobalSection(SolutionConfigurationPlatforms) = preSolution
		Debug|Any CPU = Debug|Any CPU
		Release|Any CPU = Release|Any CPU
	EndGlobalSection
	GlobalSection(ProjectConfigurationPlatforms) = postSolution
		{2D1615E3-3D44-4BD0-B1FF-1081BB4C0094}.Debug|Any CPU.ActiveCfg = Debug|Any CPU
		{2D1615E3-3D44-4BD0-B1FF-1081BB4C0094}.Release|Any CPU.ActiveCfg = Release|Any CPU
	EndGlobalSection
	GlobalSection(SolutionProperties) = preSolution
		HideSolutionNode = FALSE
	EndGlobalSection
	GlobalSection(ExtensibilityGlobals) = postSolution
		SolutionGuid = {C6E4FDD2-E416-4D34-94C1-FC887E3163B4}
	EndGlobalSection
EndGlobal
